
Microsoft Visual Studio Solution File, Format Version 12.00
# Visual Studio Version 17
VisualStudioVersion = 17.11.35222.181
MinimumVisualStudioVersion = 10.0.40219.1
Project("{9A19103F-16F7-4668-BE54-9A1E7A4F7556}") = "ContosoProductsSearch.App", "ContosoProductsSearch.App\ContosoProductsSearch.App\ContosoProductsSearch.App.csproj", "{BE2CED7F-B1D0-4C26-804C-5BCA4E984E66}"
EndProject
Project("{9A19103F-16F7-4668-BE54-9A1E7A4F7556}") = "ContosoProductsSearch.App.Client", "ContosoProductsSearch.App\ContosoProductsSearch.App.Client\ContosoProductsSearch.App.Client.csproj", "{68E7059C-98D0-4B4D-BEB8-AA5EB012C0DA}"
EndProject
Global
	GlobalSection(SolutionConfigurationPlatforms) = preSolution
		Debug|Any CPU = Debug|Any CPU
		Release|Any CPU = Release|Any CPU
	EndGlobalSection
	GlobalSection(ProjectConfigurationPlatforms) = postSolution
		{BE2CED7F-B1D0-4C26-804C-5BCA4E984E66}.Debug|Any CPU.ActiveCfg = Debug|Any CPU
		{BE2CED7F-B1D0-4C26-804C-5BCA4E984E66}.Debug|Any CPU.Build.0 = Debug|Any CPU
		{BE2CED7F-B1D0-4C26-804C-5BCA4E984E66}.Release|Any CPU.ActiveCfg = Release|Any CPU
		{BE2CED7F-B1D0-4C26-804C-5BCA4E984E66}.Release|Any CPU.Build.0 = Release|Any CPU
		{68E7059C-98D0-4B4D-BEB8-AA5EB012C0DA}.Debug|Any CPU.ActiveCfg = Debug|Any CPU
		{68E7059C-98D0-4B4D-BEB8-AA5EB012C0DA}.Debug|Any CPU.Build.0 = Debug|Any CPU
		{68E7059C-98D0-4B4D-BEB8-AA5EB012C0DA}.Release|Any CPU.ActiveCfg = Release|Any CPU
		{68E7059C-98D0-4B4D-BEB8-AA5EB012C0DA}.Release|Any CPU.Build.0 = Release|Any CPU
	EndGlobalSection
	GlobalSection(SolutionProperties) = preSolution
		HideSolutionNode = FALSE
	EndGlobalSection
	GlobalSection(ExtensibilityGlobals) = postSolution
		SolutionGuid = {A7C6DF56-EF4B-4C30-9ABE-FB84F9117EC8}
	EndGlobalSection
EndGlobal
